// !$*UTF8*$!
{
	archiveVersion = 1;
	classes = {
	};
	objectVersion = 50;
	objects = {

/* Begin PBXBuildFile section */
		3B817B3620F1E3000042A85C /* AppDelegate.swift in Sources */ = {isa = PBXBuildFile; fileRef = 3B817B3520F1E3000042A85C /* AppDelegate.swift */; };
		3B817B3820F1E3000042A85C /* ViewController.swift in Sources */ = {isa = PBXBuildFile; fileRef = 3B817B3720F1E3000042A85C /* ViewController.swift */; };
		3B817B3B20F1E3000042A85C /* Main.storyboard in Resources */ = {isa = PBXBuildFile; fileRef = 3B817B3920F1E3000042A85C /* Main.storyboard */; };
		3B817B3D20F1E3010042A85C /* Assets.xcassets in Resources */ = {isa = PBXBuildFile; fileRef = 3B817B3C20F1E3010042A85C /* Assets.xcassets */; };
		3B817B4020F1E3010042A85C /* LaunchScreen.storyboard in Resources */ = {isa = PBXBuildFile; fileRef = 3B817B3E20F1E3010042A85C /* LaunchScreen.storyboard */; };
		3B817B4B20F1E3010042A85C /* JenkinsTests.swift in Sources */ = {isa = PBXBuildFile; fileRef = 3B817B4A20F1E3010042A85C /* JenkinsTests.swift */; };
		3B817B5620F1E3020042A85C /* JenkinsUITests.swift in Sources */ = {isa = PBXBuildFile; fileRef = 3B817B5520F1E3020042A85C /* JenkinsUITests.swift */; };
/* End PBXBuildFile section */

/* Begin PBXContainerItemProxy section */
		3B817B4720F1E3010042A85C /* PBXContainerItemProxy */ = {
			isa = PBXContainerItemProxy;
			containerPortal = 3B817B2A20F1E2FF0042A85C /* Project object */;
			proxyType = 1;
			remoteGlobalIDString = 3B817B3120F1E3000042A85C;
			remoteInfo = Jenkins;
		};
		3B817B5220F1E3020042A85C /* PBXContainerItemProxy */ = {
			isa = PBXContainerItemProxy;
			containerPortal = 3B817B2A20F1E2FF0042A85C /* Project object */;
			proxyType = 1;
			remoteGlobalIDString = 3B817B3120F1E3000042A85C;
			remoteInfo = Jenkins;
		};
/* End PBXContainerItemProxy section */

/* Begin PBXFileReference section */
		3B817B3220F1E3000042A85C /* Jenkins.app */ = {isa = PBXFileReference; explicitFileType = wrapper.application; includeInIndex = 0; path = Jenkins.app; sourceTree = BUILT_PRODUCTS_DIR; };
		3B817B3520F1E3000042A85C /* AppDelegate.swift */ = {isa = PBXFileReference; lastKnownFileType = sourcecode.swift; path = AppDelegate.swift; sourceTree = "<group>"; };
		3B817B3720F1E3000042A85C /* ViewController.swift */ = {isa = PBXFileReference; lastKnownFileType = sourcecode.swift; path = ViewController.swift; sourceTree = "<group>"; };
		3B817B3A20F1E3000042A85C /* Base */ = {isa = PBXFileReference; lastKnownFileType = file.storyboard; name = Base; path = Base.lproj/Main.storyboard; sourceTree = "<group>"; };
		3B817B3C20F1E3010042A85C /* Assets.xcassets */ = {isa = PBXFileReference; lastKnownFileType = folder.assetcatalog; path = Assets.xcassets; sourceTree = "<group>"; };
		3B817B3F20F1E3010042A85C /* Base */ = {isa = PBXFileReference; lastKnownFileType = file.storyboard; name = Base; path = Base.lproj/LaunchScreen.storyboard; sourceTree = "<group>"; };
		3B817B4120F1E3010042A85C /* Info.plist */ = {isa = PBXFileReference; lastKnownFileType = text.plist.xml; path = Info.plist; sourceTree = "<group>"; };
		3B817B4620F1E3010042A85C /* JenkinsTests.xctest */ = {isa = PBXFileReference; explicitFileType = wrapper.cfbundle; includeInIndex = 0; path = JenkinsTests.xctest; sourceTree = BUILT_PRODUCTS_DIR; };
		3B817B4A20F1E3010042A85C /* JenkinsTests.swift */ = {isa = PBXFileReference; lastKnownFileType = sourcecode.swift; path = JenkinsTests.swift; sourceTree = "<group>"; };
		3B817B4C20F1E3020042A85C /* Info.plist */ = {isa = PBXFileReference; lastKnownFileType = text.plist.xml; path = Info.plist; sourceTree = "<group>"; };
		3B817B5120F1E3020042A85C /* JenkinsUITests.xctest */ = {isa = PBXFileReference; explicitFileType = wrapper.cfbundle; includeInIndex = 0; path = JenkinsUITests.xctest; sourceTree = BUILT_PRODUCTS_DIR; };
		3B817B5520F1E3020042A85C /* JenkinsUITests.swift */ = {isa = PBXFileReference; lastKnownFileType = sourcecode.swift; path = JenkinsUITests.swift; sourceTree = "<group>"; };
		3B817B5720F1E3020042A85C /* Info.plist */ = {isa = PBXFileReference; lastKnownFileType = text.plist.xml; path = Info.plist; sourceTree = "<group>"; };
/* End PBXFileReference section */

/* Begin PBXFrameworksBuildPhase section */
		3B817B2F20F1E3000042A85C /* Frameworks */ = {
			isa = PBXFrameworksBuildPhase;
			buildActionMask = 2147483647;
			files = (
			);
			runOnlyForDeploymentPostprocessing = 0;
		};
		3B817B4320F1E3010042A85C /* Frameworks */ = {
			isa = PBXFrameworksBuildPhase;
			buildActionMask = 2147483647;
			files = (
			);
			runOnlyForDeploymentPostprocessing = 0;
		};
		3B817B4E20F1E3020042A85C /* Frameworks */ = {
			isa = PBXFrameworksBuildPhase;
			buildActionMask = 2147483647;
			files = (
			);
			runOnlyForDeploymentPostprocessing = 0;
		};
/* End PBXFrameworksBuildPhase section */

/* Begin PBXGroup section */
		3B817B2920F1E2FF0042A85C = {
			isa = PBXGroup;
			children = (
				3B817B3420F1E3000042A85C /* Jenkins */,
				3B817B4920F1E3010042A85C /* JenkinsTests */,
				3B817B5420F1E3020042A85C /* JenkinsUITests */,
				3B817B3320F1E3000042A85C /* Products */,
			);
			sourceTree = "<group>";
		};
		3B817B3320F1E3000042A85C /* Products */ = {
			isa = PBXGroup;
			children = (
				3B817B3220F1E3000042A85C /* Jenkins.app */,
				3B817B4620F1E3010042A85C /* JenkinsTests.xctest */,
				3B817B5120F1E3020042A85C /* JenkinsUITests.xctest */,
			);
			name = Products;
			sourceTree = "<group>";
		};
		3B817B3420F1E3000042A85C /* Jenkins */ = {
			isa = PBXGroup;
			children = (
				3B817B3520F1E3000042A85C /* AppDelegate.swift */,
				3B817B3720F1E3000042A85C /* ViewController.swift */,
				3B817B3920F1E3000042A85C /* Main.storyboard */,
				3B817B3C20F1E3010042A85C /* Assets.xcassets */,
				3B817B3E20F1E3010042A85C /* LaunchScreen.storyboard */,
				3B817B4120F1E3010042A85C /* Info.plist */,
			);
			path = Jenkins;
			sourceTree = "<group>";
		};
		3B817B4920F1E3010042A85C /* JenkinsTests */ = {
			isa = PBXGroup;
			children = (
				3B817B4A20F1E3010042A85C /* JenkinsTests.swift */,
				3B817B4C20F1E3020042A85C /* Info.plist */,
			);
			path = JenkinsTests;
			sourceTree = "<group>";
		};
		3B817B5420F1E3020042A85C /* JenkinsUITests */ = {
			isa = PBXGroup;
			children = (
				3B817B5520F1E3020042A85C /* JenkinsUITests.swift */,
				3B817B5720F1E3020042A85C /* Info.plist */,
			);
			path = JenkinsUITests;
			sourceTree = "<group>";
		};
/* End PBXGroup section */

/* Begin PBXNativeTarget section */
		3B817B3120F1E3000042A85C /* Jenkins */ = {
			isa = PBXNativeTarget;
			buildConfigurationList = 3B817B5A20F1E3020042A85C /* Build configuration list for PBXNativeTarget "Jenkins" */;
			buildPhases = (
				3B817B2E20F1E3000042A85C /* Sources */,
				3B817B2F20F1E3000042A85C /* Frameworks */,
				3B817B3020F1E3000042A85C /* Resources */,
			);
			buildRules = (
			);
			dependencies = (
			);
			name = Jenkins;
			productName = Jenkins;
			productReference = 3B817B3220F1E3000042A85C /* Jenkins.app */;
			productType = "com.apple.product-type.application";
		};
		3B817B4520F1E3010042A85C /* JenkinsTests */ = {
			isa = PBXNativeTarget;
			buildConfigurationList = 3B817B5D20F1E3020042A85C /* Build configuration list for PBXNativeTarget "JenkinsTests" */;
			buildPhases = (
				3B817B4220F1E3010042A85C /* Sources */,
				3B817B4320F1E3010042A85C /* Frameworks */,
				3B817B4420F1E3010042A85C /* Resources */,
			);
			buildRules = (
			);
			dependencies = (
				3B817B4820F1E3010042A85C /* PBXTargetDependency */,
			);
			name = JenkinsTests;
			productName = JenkinsTests;
			productReference = 3B817B4620F1E3010042A85C /* JenkinsTests.xctest */;
			productType = "com.apple.product-type.bundle.unit-test";
		};
		3B817B5020F1E3020042A85C /* JenkinsUITests */ = {
			isa = PBXNativeTarget;
			buildConfigurationList = 3B817B6020F1E3020042A85C /* Build configuration list for PBXNativeTarget "JenkinsUITests" */;
			buildPhases = (
				3B817B4D20F1E3020042A85C /* Sources */,
				3B817B4E20F1E3020042A85C /* Frameworks */,
				3B817B4F20F1E3020042A85C /* Resources */,
			);
			buildRules = (
			);
			dependencies = (
				3B817B5320F1E3020042A85C /* PBXTargetDependency */,
			);
			name = JenkinsUITests;
			productName = JenkinsUITests;
			productReference = 3B817B5120F1E3020042A85C /* JenkinsUITests.xctest */;
			productType = "com.apple.product-type.bundle.ui-testing";
		};
/* End PBXNativeTarget section */

/* Begin PBXProject section */
		3B817B2A20F1E2FF0042A85C /* Project object */ = {
			isa = PBXProject;
			attributes = {
				LastSwiftUpdateCheck = 0940;
				LastUpgradeCheck = 0940;
				ORGANIZATIONNAME = MD;
				TargetAttributes = {
					3B817B3120F1E3000042A85C = {
						CreatedOnToolsVersion = 9.4.1;
					};
					3B817B4520F1E3010042A85C = {
						CreatedOnToolsVersion = 9.4.1;
						TestTargetID = 3B817B3120F1E3000042A85C;
					};
					3B817B5020F1E3020042A85C = {
						CreatedOnToolsVersion = 9.4.1;
						TestTargetID = 3B817B3120F1E3000042A85C;
					};
				};
			};
			buildConfigurationList = 3B817B2D20F1E2FF0042A85C /* Build configuration list for PBXProject "Jenkins" */;
			compatibilityVersion = "Xcode 9.3";
			developmentRegion = en;
			hasScannedForEncodings = 0;
			knownRegions = (
				en,
				Base,
			);
			mainGroup = 3B817B2920F1E2FF0042A85C;
			productRefGroup = 3B817B3320F1E3000042A85C /* Products */;
			projectDirPath = "";
			projectRoot = "";
			targets = (
				3B817B3120F1E3000042A85C /* Jenkins */,
				3B817B4520F1E3010042A85C /* JenkinsTests */,
				3B817B5020F1E3020042A85C /* JenkinsUITests */,
			);
		};
/* End PBXProject section */

/* Begin PBXResourcesBuildPhase section */
		3B817B3020F1E3000042A85C /* Resources */ = {
			isa = PBXResourcesBuildPhase;
			buildActionMask = 2147483647;
			files = (
				3B817B4020F1E3010042A85C /* LaunchScreen.storyboard in Resources */,
				3B817B3D20F1E3010042A85C /* Assets.xcassets in Resources */,
				3B817B3B20F1E3000042A85C /* Main.storyboard in Resources */,
			);
			runOnlyForDeploymentPostprocessing = 0;
		};
		3B817B4420F1E3010042A85C /* Resources */ = {
			isa = PBXResourcesBuildPhase;
			buildActionMask = 2147483647;
			files = (
			);
			runOnlyForDeploymentPostprocessing = 0;
		};
		3B817B4F20F1E3020042A85C /* Resources */ = {
			isa = PBXResourcesBuildPhase;
			buildActionMask = 2147483647;
			files = (
			);
			runOnlyForDeploymentPostprocessing = 0;
		};
/* End PBXResourcesBuildPhase section */

/* Begin PBXSourcesBuildPhase section */
		3B817B2E20F1E3000042A85C /* Sources */ = {
			isa = PBXSourcesBuildPhase;
			buildActionMask = 2147483647;
			files = (
				3B817B3820F1E3000042A85C /* ViewController.swift in Sources */,
				3B817B3620F1E3000042A85C /* AppDelegate.swift in Sources */,
			);
			runOnlyForDeploymentPostprocessing = 0;
		};
		3B817B4220F1E3010042A85C /* Sources */ = {
			isa = PBXSourcesBuildPhase;
			buildActionMask = 2147483647;
			files = (
				3B817B4B20F1E3010042A85C /* JenkinsTests.swift in Sources */,
			);
			runOnlyForDeploymentPostprocessing = 0;
		};
		3B817B4D20F1E3020042A85C /* Sources */ = {
			isa = PBXSourcesBuildPhase;
			buildActionMask = 2147483647;
			files = (
				3B817B5620F1E3020042A85C /* JenkinsUITests.swift in Sources */,
			);
			runOnlyForDeploymentPostprocessing = 0;
		};
/* End PBXSourcesBuildPhase section */

/* Begin PBXTargetDependency section */
		3B817B4820F1E3010042A85C /* PBXTargetDependency */ = {
			isa = PBXTargetDependency;
			target = 3B817B3120F1E3000042A85C /* Jenkins */;
			targetProxy = 3B817B4720F1E3010042A85C /* PBXContainerItemProxy */;
		};
		3B817B5320F1E3020042A85C /* PBXTargetDependency */ = {
			isa = PBXTargetDependency;
			target = 3B817B3120F1E3000042A85C /* Jenkins */;
			targetProxy = 3B817B5220F1E3020042A85C /* PBXContainerItemProxy */;
		};
/* End PBXTargetDependency section */

/* Begin PBXVariantGroup section */
		3B817B3920F1E3000042A85C /* Main.storyboard */ = {
			isa = PBXVariantGroup;
			children = (
				3B817B3A20F1E3000042A85C /* Base */,
			);
			name = Main.storyboard;
			sourceTree = "<group>";
		};
		3B817B3E20F1E3010042A85C /* LaunchScreen.storyboard */ = {
			isa = PBXVariantGroup;
			children = (
				3B817B3F20F1E3010042A85C /* Base */,
			);
			name = LaunchScreen.storyboard;
			sourceTree = "<group>";
		};
/* End PBXVariantGroup section */

/* Begin XCBuildConfiguration section */
		3B817B5820F1E3020042A85C /* Debug */ = {
			isa = XCBuildConfiguration;
			buildSettings = {
				ALWAYS_SEARCH_USER_PATHS = NO;
				CLANG_ANALYZER_NONNULL = YES;
				CLANG_ANALYZER_NUMBER_OBJECT_CONVERSION = YES_AGGRESSIVE;
				CLANG_CXX_LANGUAGE_STANDARD = "gnu++14";
				CLANG_CXX_LIBRARY = "libc++";
				CLANG_ENABLE_MODULES = YES;
				CLANG_ENABLE_OBJC_ARC = YES;
				CLANG_ENABLE_OBJC_WEAK = YES;
				CLANG_WARN_BLOCK_CAPTURE_AUTORELEASING = YES;
				CLANG_WARN_BOOL_CONVERSION = YES;
				CLANG_WARN_COMMA = YES;
				CLANG_WARN_CONSTANT_CONVERSION = YES;
				CLANG_WARN_DEPRECATED_OBJC_IMPLEMENTATIONS = YES;
				CLANG_WARN_DIRECT_OBJC_ISA_USAGE = YES_ERROR;
				CLANG_WARN_DOCUMENTATION_COMMENTS = YES;
				CLANG_WARN_EMPTY_BODY = YES;
				CLANG_WARN_ENUM_CONVERSION = YES;
				CLANG_WARN_INFINITE_RECURSION = YES;
				CLANG_WARN_INT_CONVERSION = YES;
				CLANG_WARN_NON_LITERAL_NULL_CONVERSION = YES;
				CLANG_WARN_OBJC_IMPLICIT_RETAIN_SELF = YES;
				CLANG_WARN_OBJC_LITERAL_CONVERSION = YES;
				CLANG_WARN_OBJC_ROOT_CLASS = YES_ERROR;
				CLANG_WARN_RANGE_LOOP_ANALYSIS = YES;
				CLANG_WARN_STRICT_PROTOTYPES = YES;
				CLANG_WARN_SUSPICIOUS_MOVE = YES;
				CLANG_WARN_UNGUARDED_AVAILABILITY = YES_AGGRESSIVE;
				CLANG_WARN_UNREACHABLE_CODE = YES;
				CLANG_WARN__DUPLICATE_METHOD_MATCH = YES;
				CODE_SIGN_IDENTITY = "iPhone Developer";
				COPY_PHASE_STRIP = NO;
				DEBUG_INFORMATION_FORMAT = dwarf;
				ENABLE_STRICT_OBJC_MSGSEND = YES;
				ENABLE_TESTABILITY = YES;
				GCC_C_LANGUAGE_STANDARD = gnu11;
				GCC_DYNAMIC_NO_PIC = NO;
				GCC_NO_COMMON_BLOCKS = YES;
				GCC_OPTIMIZATION_LEVEL = 0;
				GCC_PREPROCESSOR_DEFINITIONS = (
					"DEBUG=1",
					"$(inherited)",
				);
				GCC_WARN_64_TO_32_BIT_CONVERSION = YES;
				GCC_WARN_ABOUT_RETURN_TYPE = YES_ERROR;
				GCC_WARN_UNDECLARED_SELECTOR = YES;
				GCC_WARN_UNINITIALIZED_AUTOS = YES_AGGRESSIVE;
				GCC_WARN_UNUSED_FUNCTION = YES;
				GCC_WARN_UNUSED_VARIABLE = YES;
				IPHONEOS_DEPLOYMENT_TARGET = 11.4;
				MTL_ENABLE_DEBUG_INFO = YES;
				ONLY_ACTIVE_ARCH = YES;
				SDKROOT = iphoneos;
				SWIFT_ACTIVE_COMPILATION_CONDITIONS = DEBUG;
				SWIFT_OPTIMIZATION_LEVEL = "-Onone";
			};
			name = Debug;
		};
		3B817B5920F1E3020042A85C /* Release */ = {
			isa = XCBuildConfiguration;
			buildSettings = {
				ALWAYS_SEARCH_USER_PATHS = NO;
				CLANG_ANALYZER_NONNULL = YES;
				CLANG_ANALYZER_NUMBER_OBJECT_CONVERSION = YES_AGGRESSIVE;
				CLANG_CXX_LANGUAGE_STANDARD = "gnu++14";
				CLANG_CXX_LIBRARY = "libc++";
				CLANG_ENABLE_MODULES = YES;
				CLANG_ENABLE_OBJC_ARC = YES;
				CLANG_ENABLE_OBJC_WEAK = YES;
				CLANG_WARN_BLOCK_CAPTURE_AUTORELEASING = YES;
				CLANG_WARN_BOOL_CONVERSION = YES;
				CLANG_WARN_COMMA = YES;
				CLANG_WARN_CONSTANT_CONVERSION = YES;
				CLANG_WARN_DEPRECATED_OBJC_IMPLEMENTATIONS = YES;
				CLANG_WARN_DIRECT_OBJC_ISA_USAGE = YES_ERROR;
				CLANG_WARN_DOCUMENTATION_COMMENTS = YES;
				CLANG_WARN_EMPTY_BODY = YES;
				CLANG_WARN_ENUM_CONVERSION = YES;
				CLANG_WARN_INFINITE_RECURSION = YES;
				CLANG_WARN_INT_CONVERSION = YES;
				CLANG_WARN_NON_LITERAL_NULL_CONVERSION = YES;
				CLANG_WARN_OBJC_IMPLICIT_RETAIN_SELF = YES;
				CLANG_WARN_OBJC_LITERAL_CONVERSION = YES;
				CLANG_WARN_OBJC_ROOT_CLASS = YES_ERROR;
				CLANG_WARN_RANGE_LOOP_ANALYSIS = YES;
				CLANG_WARN_STRICT_PROTOTYPES = YES;
				CLANG_WARN_SUSPICIOUS_MOVE = YES;
				CLANG_WARN_UNGUARDED_AVAILABILITY = YES_AGGRESSIVE;
				CLANG_WARN_UNREACHABLE_CODE = YES;
				CLANG_WARN__DUPLICATE_METHOD_MATCH = YES;
				CODE_SIGN_IDENTITY = "iPhone Developer";
				COPY_PHASE_STRIP = NO;
				DEBUG_INFORMATION_FORMAT = "dwarf-with-dsym";
				ENABLE_NS_ASSERTIONS = NO;
				ENABLE_STRICT_OBJC_MSGSEND = YES;
				GCC_C_LANGUAGE_STANDARD = gnu11;
				GCC_NO_COMMON_BLOCKS = YES;
				GCC_WARN_64_TO_32_BIT_CONVERSION = YES;
				GCC_WARN_ABOUT_RETURN_TYPE = YES_ERROR;
				GCC_WARN_UNDECLARED_SELECTOR = YES;
				GCC_WARN_UNINITIALIZED_AUTOS = YES_AGGRESSIVE;
				GCC_WARN_UNUSED_FUNCTION = YES;
				GCC_WARN_UNUSED_VARIABLE = YES;
				IPHONEOS_DEPLOYMENT_TARGET = 11.4;
				MTL_ENABLE_DEBUG_INFO = NO;
				SDKROOT = iphoneos;
				SWIFT_COMPILATION_MODE = wholemodule;
				SWIFT_OPTIMIZATION_LEVEL = "-O";
				VALIDATE_PRODUCT = YES;
			};
			name = Release;
		};
		3B817B5B20F1E3020042A85C /* Debug */ = {
			isa = XCBuildConfiguration;
			buildSettings = {
				ASSETCATALOG_COMPILER_APPICON_NAME = AppIcon;
				CODE_SIGN_STYLE = Manual;
				DEVELOPMENT_TEAM = "";
				INFOPLIST_FILE = Jenkins/Info.plist;
				LD_RUNPATH_SEARCH_PATHS = (
					"$(inherited)",
					"@executable_path/Frameworks",
				);
				PRODUCT_BUNDLE_IDENTIFIER = com.md.Jenkins;
				PRODUCT_NAME = "$(TARGET_NAME)";
				PROVISIONING_PROFILE_SPECIFIER = "";
				SWIFT_VERSION = 4.0;
				TARGETED_DEVICE_FAMILY = "1,2";
			};
			name = Debug;
		};
		3B817B5C20F1E3020042A85C /* Release */ = {
			isa = XCBuildConfiguration;
			buildSettings = {
				ASSETCATALOG_COMPILER_APPICON_NAME = AppIcon;
				CODE_SIGN_STYLE = Manual;
				DEVELOPMENT_TEAM = "";
				INFOPLIST_FILE = Jenkins/Info.plist;
				LD_RUNPATH_SEARCH_PATHS = (
					"$(inherited)",
					"@executable_path/Frameworks",
				);
				PRODUCT_BUNDLE_IDENTIFIER = com.md.Jenkins;
				PRODUCT_NAME = "$(TARGET_NAME)";
				PROVISIONING_PROFILE_SPECIFIER = "";
				SWIFT_VERSION = 4.0;
				TARGETED_DEVICE_FAMILY = "1,2";
			};
			name = Release;
		};
		3B817B5E20F1E3020042A85C /* Debug */ = {
			isa = XCBuildConfiguration;
			buildSettings = {
				ALWAYS_EMBED_SWIFT_STANDARD_LIBRARIES = YES;
				BUNDLE_LOADER = "$(TEST_HOST)";
				CODE_SIGN_STYLE = Automatic;
				INFOPLIST_FILE = JenkinsTests/Info.plist;
				LD_RUNPATH_SEARCH_PATHS = (
					"$(inherited)",
					"@executable_path/Frameworks",
					"@loader_path/Frameworks",
				);
				PRODUCT_BUNDLE_IDENTIFIER = com.md.JenkinsTests;
				PRODUCT_NAME = "$(TARGET_NAME)";
				SWIFT_VERSION = 4.0;
				TARGETED_DEVICE_FAMILY = "1,2";
				TEST_HOST = "$(BUILT_PRODUCTS_DIR)/Jenkins.app/Jenkins";
			};
			name = Debug;
		};
		3B817B5F20F1E3020042A85C /* Release */ = {
			isa = XCBuildConfiguration;
			buildSettings = {
				ALWAYS_EMBED_SWIFT_STANDARD_LIBRARIES = YES;
				BUNDLE_LOADER = "$(TEST_HOST)";
				CODE_SIGN_STYLE = Automatic;
				INFOPLIST_FILE = JenkinsTests/Info.plist;
				LD_RUNPATH_SEARCH_PATHS = (
					"$(inherited)",
					"@executable_path/Frameworks",
					"@loader_path/Frameworks",
				);
				PRODUCT_BUNDLE_IDENTIFIER = com.md.JenkinsTests;
				PRODUCT_NAME = "$(TARGET_NAME)";
				SWIFT_VERSION = 4.0;
				TARGETED_DEVICE_FAMILY = "1,2";
				TEST_HOST = "$(BUILT_PRODUCTS_DIR)/Jenkins.app/Jenkins";
			};
			name = Release;
		};
		3B817B6120F1E3020042A85C /* Debug */ = {
			isa = XCBuildConfiguration;
			buildSettings = {
				ALWAYS_EMBED_SWIFT_STANDARD_LIBRARIES = YES;
				CODE_SIGN_STYLE = Automatic;
				INFOPLIST_FILE = JenkinsUITests/Info.plist;
				LD_RUNPATH_SEARCH_PATHS = (
					"$(inherited)",
					"@executable_path/Frameworks",
					"@loader_path/Frameworks",
				);
				PRODUCT_BUNDLE_IDENTIFIER = com.md.JenkinsUITests;
				PRODUCT_NAME = "$(TARGET_NAME)";
				SWIFT_VERSION = 4.0;
				TARGETED_DEVICE_FAMILY = "1,2";
				TEST_TARGET_NAME = Jenkins;
			};
			name = Debug;
		};
		3B817B6220F1E3020042A85C /* Release */ = {
			isa = XCBuildConfiguration;
			buildSettings = {
				ALWAYS_EMBED_SWIFT_STANDARD_LIBRARIES = YES;
				CODE_SIGN_STYLE = Automatic;
				INFOPLIST_FILE = JenkinsUITests/Info.plist;
				LD_RUNPATH_SEARCH_PATHS = (
					"$(inherited)",
					"@executable_path/Frameworks",
					"@loader_path/Frameworks",
				);
				PRODUCT_BUNDLE_IDENTIFIER = com.md.JenkinsUITests;
				PRODUCT_NAME = "$(TARGET_NAME)";
				SWIFT_VERSION = 4.0;
				TARGETED_DEVICE_FAMILY = "1,2";
				TEST_TARGET_NAME = Jenkins;
			};
			name = Release;
		};
/* End XCBuildConfiguration section */

/* Begin XCConfigurationList section */
		3B817B2D20F1E2FF0042A85C /* Build configuration list for PBXProject "Jenkins" */ = {
			isa = XCConfigurationList;
			buildConfigurations = (
				3B817B5820F1E3020042A85C /* Debug */,
				3B817B5920F1E3020042A85C /* Release */,
			);
			defaultConfigurationIsVisible = 0;
			defaultConfigurationName = Release;
		};
		3B817B5A20F1E3020042A85C /* Build configuration list for PBXNativeTarget "Jenkins" */ = {
			isa = XCConfigurationList;
			buildConfigurations = (
				3B817B5B20F1E3020042A85C /* Debug */,
				3B817B5C20F1E3020042A85C /* Release */,
			);
			defaultConfigurationIsVisible = 0;
			defaultConfigurationName = Release;
		};
		3B817B5D20F1E3020042A85C /* Build configuration list for PBXNativeTarget "JenkinsTests" */ = {
			isa = XCConfigurationList;
			buildConfigurations = (
				3B817B5E20F1E3020042A85C /* Debug */,
				3B817B5F20F1E3020042A85C /* Release */,
			);
			defaultConfigurationIsVisible = 0;
			defaultConfigurationName = Release;
		};
		3B817B6020F1E3020042A85C /* Build configuration list for PBXNativeTarget "JenkinsUITests" */ = {
			isa = XCConfigurationList;
			buildConfigurations = (
				3B817B6120F1E3020042A85C /* Debug */,
				3B817B6220F1E3020042A85C /* Release */,
			);
			defaultConfigurationIsVisible = 0;
			defaultConfigurationName = Release;
		};
/* End XCConfigurationList section */
	};
	rootObject = 3B817B2A20F1E2FF0042A85C /* Project object */;
}
